
Microsoft Visual Studio Solution File, Format Version 12.00
# Visual Studio Version 17
VisualStudioVersion = 17.14.36705.20 d17.14
MinimumVisualStudioVersion = 10.0.40219.1
Project("{FAE04EC0-301F-11D3-BF4B-00C04F79EFBC}") = "LocAutoPlusApp", "LocAutoPlusApp.csproj", "{1C8BD29B-3CC4-4C1D-B9E2-E8DAF303926D}"
EndProject
Global
	GlobalSection(SolutionConfigurationPlatforms) = preSolution
		Debug|Any CPU = Debug|Any CPU
		Release|Any CPU = Release|Any CPU
	EndGlobalSection
	GlobalSection(ProjectConfigurationPlatforms) = postSolution
		{1C8BD29B-3CC4-4C1D-B9E2-E8DAF303926D}.Debug|Any CPU.ActiveCfg = Debug|Any CPU
		{1C8BD29B-3CC4-4C1D-B9E2-E8DAF303926D}.Debug|Any CPU.Build.0 = Debug|Any CPU
		{1C8BD29B-3CC4-4C1D-B9E2-E8DAF303926D}.Release|Any CPU.ActiveCfg = Release|Any CPU
		{1C8BD29B-3CC4-4C1D-B9E2-E8DAF303926D}.Release|Any CPU.Build.0 = Release|Any CPU
	EndGlobalSection
	GlobalSection(SolutionProperties) = preSolution
		HideSolutionNode = FALSE
	EndGlobalSection
	GlobalSection(ExtensibilityGlobals) = postSolution
		SolutionGuid = {E0FB7A3E-E137-462B-AC23-05F6DF9A3FC3}
	EndGlobalSection
EndGlobal
